
# THIS IS AN AUTOGENERATED FILE. DO NOT EDIT THIS FILE DIRECTLY.
# yarn lockfile v1


"@babel/code-frame@^7.0.0":
  version "7.18.6"
  resolved "https://registry.npmjs.org/@babel/code-frame/-/code-frame-7.18.6.tgz"
  integrity sha512-TDCmlK5eOvH+eH7cdAFlNXeVJqWIQ7gW9tY1GJIpUtFb6CmjVyq2VM3u71bOyR8CRihcCgMUYoDNyLXao3+70Q==
  dependencies:
    "@babel/highlight" "^7.18.6"

"@babel/helper-module-imports@^7.16.7":
  version "7.18.6"
  resolved "https://registry.npmjs.org/@babel/helper-module-imports/-/helper-module-imports-7.18.6.tgz"
  integrity sha512-0NFvs3VkuSYbFi1x2Vd6tKrywq+z/cLeYC/RJNFrIX/30Bf5aiGYbtvGXolEktzJH8o5E5KJ3tT+nkxuuZFVlA==
  dependencies:
    "@babel/types" "^7.18.6"

"@babel/helper-string-parser@^7.19.4":
  version "7.19.4"
  resolved "https://registry.npmjs.org/@babel/helper-string-parser/-/helper-string-parser-7.19.4.tgz"
  integrity sha512-nHtDoQcuqFmwYNYPz3Rah5ph2p8PFeFCsZk9A/48dPc/rGocJ5J3hAAZ7pb76VWX3fZKu+uEr/FhH5jLx7umrw==

"@babel/helper-validator-identifier@^7.18.6", "@babel/helper-validator-identifier@^7.19.1":
  version "7.19.1"
  resolved "https://registry.npmjs.org/@babel/helper-validator-identifier/-/helper-validator-identifier-7.19.1.tgz"
  integrity sha512-awrNfaMtnHUr653GgGEs++LlAvW6w+DcPrOliSMXWCKo597CwL5Acf/wWdNkf/tfEQE3mjkeD1YOVZOUV/od1w==

"@babel/highlight@^7.18.6":
  version "7.18.6"
  resolved "https://registry.npmjs.org/@babel/highlight/-/highlight-7.18.6.tgz"
  integrity sha512-u7stbOuYjaPezCuLj29hNW1v64M2Md2qupEKP1fHc7WdOA3DgLh37suiSrZYY7haUB7iBeQZ9P1uiRF359do3g==
  dependencies:
    "@babel/helper-validator-identifier" "^7.18.6"
    chalk "^2.0.0"
    js-tokens "^4.0.0"

"@babel/runtime@^7.0.0", "@babel/runtime@^7.12.13", "@babel/runtime@^7.12.5", "@babel/runtime@^7.13.10", "@babel/runtime@^7.18.3", "@babel/runtime@^7.20.1", "@babel/runtime@^7.20.7":
  version "7.21.0"
  resolved "https://registry.npmjs.org/@babel/runtime/-/runtime-7.21.0.tgz"
  integrity sha512-xwII0//EObnq89Ji5AKYQaRYiW/nZ3llSv29d49IuxPhKbtJoLP+9QUUZ4nVragQVtaVGeZrpB+ZtG/Pdy/POw==
  dependencies:
    regenerator-runtime "^0.13.11"

"@babel/types@^7.18.6":
  version "7.21.2"
  resolved "https://registry.npmjs.org/@babel/types/-/types-7.21.2.tgz"
  integrity sha512-3wRZSs7jiFaB8AjxiiD+VqN5DTG2iRvJGQ+qYFrs/654lg6kGTQWIOFjlBo5RaXuAZjBmP3+OQH4dmhqiiyYxw==
  dependencies:
    "@babel/helper-string-parser" "^7.19.4"
    "@babel/helper-validator-identifier" "^7.19.1"
    to-fast-properties "^2.0.0"

"@chakra-ui/accordion@2.1.9":
  version "2.1.9"
  resolved "https://registry.npmjs.org/@chakra-ui/accordion/-/accordion-2.1.9.tgz"
  integrity sha512-a9CKIAUHezc0f5FR/SQ4GVxnWuIb2HbDTxTEKTp58w/J9pecIbJaNrJ5TUZ0MVbDU9jkgO9RsZ29jkja8PomAw==
  dependencies:
    "@chakra-ui/descendant" "3.0.13"
    "@chakra-ui/icon" "3.0.16"
    "@chakra-ui/react-context" "2.0.7"
    "@chakra-ui/react-use-controllable-state" "2.0.8"
    "@chakra-ui/react-use-merge-refs" "2.0.7"
    "@chakra-ui/shared-utils" "2.0.5"
    "@chakra-ui/transition" "2.0.15"

"@chakra-ui/alert@2.0.17":
  version "2.0.17"
  resolved "https://registry.npmjs.org/@chakra-ui/alert/-/alert-2.0.17.tgz"
  integrity sha512-0Y5vw+HkeXpwbL1roVpSSNM6luMRmUbwduUSHEA4OnX1ismvsDb1ZBfpi4Vxp6w8euJ2Uj6df3krbd5tbCP6tg==
  dependencies:
    "@chakra-ui/icon" "3.0.16"
    "@chakra-ui/react-context" "2.0.7"
    "@chakra-ui/shared-utils" "2.0.5"
    "@chakra-ui/spinner" "2.0.13"

"@chakra-ui/anatomy@2.1.2":
  version "2.1.2"
  resolved "https://registry.npmjs.org/@chakra-ui/anatomy/-/anatomy-2.1.2.tgz"
  integrity sha512-pKfOS/mztc4sUXHNc8ypJ1gPWSolWT770jrgVRfolVbYlki8y5Y+As996zMF6k5lewTu6j9DQequ7Cc9a69IVQ==

"@chakra-ui/avatar@2.2.5":
  version "2.2.5"
  resolved "https://registry.npmjs.org/@chakra-ui/avatar/-/avatar-2.2.5.tgz"
  integrity sha512-TEHXuGE79+fEn61qJ7J/A0Ec+WjyNwobrDTATcLg9Zx2/WEMmZNfrWIAlI5ANQAwVbdSWeGVbyoLAK5mbcrE0A==
  dependencies:
    "@chakra-ui/image" "2.0.15"
    "@chakra-ui/react-children-utils" "2.0.6"
    "@chakra-ui/react-context" "2.0.7"
    "@chakra-ui/shared-utils" "2.0.5"

"@chakra-ui/breadcrumb@2.1.4":
  version "2.1.4"
  resolved "https://registry.npmjs.org/@chakra-ui/breadcrumb/-/breadcrumb-2.1.4.tgz"
  integrity sha512-vyBx5TAxPnHhb0b8nyRGfqyjleD//9mySFhk96c9GL+T6YDO4swHw5y/kvDv3Ngc/iRwJ9hdI49PZKwPxLqsEg==
  dependencies:
    "@chakra-ui/react-children-utils" "2.0.6"
    "@chakra-ui/react-context" "2.0.7"
    "@chakra-ui/shared-utils" "2.0.5"

"@chakra-ui/breakpoint-utils@2.0.8":
  version "2.0.8"
  resolved "https://registry.npmjs.org/@chakra-ui/breakpoint-utils/-/breakpoint-utils-2.0.8.tgz"
  integrity sha512-Pq32MlEX9fwb5j5xx8s18zJMARNHlQZH2VH1RZgfgRDpp7DcEgtRW5AInfN5CfqdHLO1dGxA7I3MqEuL5JnIsA==
  dependencies:
    "@chakra-ui/shared-utils" "2.0.5"

"@chakra-ui/button@2.0.16":
  version "2.0.16"
  resolved "https://registry.npmjs.org/@chakra-ui/button/-/button-2.0.16.tgz"
  integrity sha512-NjuTKa7gNhnGSUutKuTc8HoAOe9WWIigpciBG7yj3ok67kg8bXtSzPyQFZlgTY6XGdAckWTT+Do4tvhwa5LA+g==
  dependencies:
    "@chakra-ui/react-context" "2.0.7"
    "@chakra-ui/react-use-merge-refs" "2.0.7"
    "@chakra-ui/shared-utils" "2.0.5"
    "@chakra-ui/spinner" "2.0.13"

"@chakra-ui/card@2.1.6":
  version "2.1.6"
  resolved "https://registry.npmjs.org/@chakra-ui/card/-/card-2.1.6.tgz"
  integrity sha512-fFd/WAdRNVY/WOSQv4skpy0WeVhhI0f7dTY1Sm0jVl0KLmuP/GnpsWtKtqWjNcV00K963EXDyhlk6+9oxbP4gw==
  dependencies:
    "@chakra-ui/shared-utils" "2.0.5"

"@chakra-ui/checkbox@2.2.10":
  version "2.2.10"
  resolved "https://registry.npmjs.org/@chakra-ui/checkbox/-/checkbox-2.2.10.tgz"
  integrity sha512-vzxEjw99qj7loxAdP1WuHNt4EAvj/t6cc8oxyOB2mEvkAzhxI34rLR+3zWDuHWsmhyUO+XEDh4FiWdR+DK5Siw==
  dependencies:
    "@chakra-ui/form-control" "2.0.17"
    "@chakra-ui/react-context" "2.0.7"
    "@chakra-ui/react-types" "2.0.7"